
Microsoft Visual Studio Solution File, Format Version 12.00
# Visual Studio Version 17
VisualStudioVersion = 17.2.32519.379
MinimumVisualStudioVersion = 10.0.40219.1
Project("{8BC9CEB8-8B4A-11D0-8D11-00A0C91BC942}") = "Learn c++ 03", "Learn c++ 03\Learn c++ 03.vcxproj", "{119E4326-E18B-4265-8135-49F0CF802736}"
EndProject
Project("{8BC9CEB8-8B4A-11D0-8D11-00A0C91BC942}") = "mylib", "mylib\mylib.vcxproj", "{CC8F5719-10CC-4447-87BD-F57A1A2DEA6C}"
EndProject
Project("{8BC9CEB8-8B4A-11D0-8D11-00A0C91BC942}") = "mylib-client", "mylib-client\mylib-client.vcxproj", "{E6D72596-6075-4E1F-BE92-7B1BF7037223}"
EndProject
Project("{8BC9CEB8-8B4A-11D0-8D11-00A0C91BC942}") = "mydll", "mydll\mydll.vcxproj", "{BCEDADE6-4D27-4741-AB17-EE31570C293B}"
EndProject
Project("{8BC9CEB8-8B4A-11D0-8D11-00A0C91BC942}") = "mydll-client", "mydll-client\mydll-client.vcxproj", "{D48F5224-E380-4DC4-93CC-8867AA6CF94E}"
EndProject
Project("{8BC9CEB8-8B4A-11D0-8D11-00A0C91BC942}") = "mycopy", "mycopy\mycopy.vcxproj", "{6B26BDD6-B06B-455C-992C-A2CBE67CA9FD}"
EndProject
Project("{8BC9CEB8-8B4A-11D0-8D11-00A0C91BC942}") = "mycopy-client", "mycopy-client\mycopy-client.vcxproj", "{DCDCA175-902E-4BB2-B9EC-565C89B50B1A}"
EndProject
Project("{8BC9CEB8-8B4A-11D0-8D11-00A0C91BC942}") = "practiceday05dll", "practiceday05dll\practiceday05dll.vcxproj", "{F88C4F71-CC07-4055-965F-0F7EF08BC1CD}"
EndProject
Project("{8BC9CEB8-8B4A-11D0-8D11-00A0C91BC942}") = "practiceday05dll-client", "practiceday05dll-client\practiceday05dll-client.vcxproj", "{0410F9DB-5694-488B-9924-37902C70529F}"
EndProject
Project("{8BC9CEB8-8B4A-11D0-8D11-00A0C91BC942}") = "practiceday07dll", "practiceday07dll\practiceday07dll.vcxproj", "{307F6ECF-B904-4D40-976D-C3F9019CE788}"
EndProject
Project("{8BC9CEB8-8B4A-11D0-8D11-00A0C91BC942}") = "practiceday07dll-client", "practiceday07dll-client\practiceday07dll-client.vcxproj", "{3A5D2055-F60D-4059-B739-55B74EE7DA9D}"
EndProject
Project("{8BC9CEB8-8B4A-11D0-8D11-00A0C91BC942}") = "mydllclient-explicit-dll-loading", "mydllclient-explicit-dll-loading\mydllclient-explicit-dll-loading.vcxproj", "{23CEF3C9-6A18-4874-8385-E2E955D261C4}"
EndProject
Project("{8BC9CEB8-8B4A-11D0-8D11-00A0C91BC942}") = "practiceday08dll", "practiceday08dll\practiceday08dll.vcxproj", "{EB14F2D6-D940-45AF-BFCC-E387152CB9B4}"
EndProject
Project("{8BC9CEB8-8B4A-11D0-8D11-00A0C91BC942}") = "practiceday08dll-client", "practiceday08dll-client\practiceday08dll-client.vcxproj", "{1471385F-F950-4FFD-898A-E6B8C02E1992}"
EndProject
Project("{8BC9CEB8-8B4A-11D0-8D11-00A0C91BC942}") = "practiceday09dll", "practiceday09dll\practiceday09dll.vcxproj", "{0E3F909A-E8BA-42AF-A9D0-7FE3AC7790BA}"
EndProject
Project("{8BC9CEB8-8B4A-11D0-8D11-00A0C91BC942}") = "practiceday09dll-client", "practiceday09dll-client\practiceday09dll-client.vcxproj", "{56579025-2A90-477F-8DE7-03E040E21744}"
EndProject
Global
	GlobalSection(SolutionConfigurationPlatforms) = preSolution
		Debug|x64 = Debug|x64
		Debug|x86 = Debug|x86
		Release|x64 = Release|x64
		Release|x86 = Release|x86
	EndGlobalSection
	GlobalSection(ProjectConfigurationPlatforms) = postSolution
		{119E4326-E18B-4265-8135-49F0CF802736}.Debug|x64.ActiveCfg = Debug|x64
		{119E4326-E18B-4265-8135-49F0CF802736}.Debug|x64.Build.0 = Debug|x64
		{119E4326-E18B-4265-8135-49F0CF802736}.Debug|x86.ActiveCfg = Debug|Win32
		{119E4326-E18B-4265-8135-49F0CF802736}.Debug|x86.Build.0 = Debug|Win32
		{119E4326-E18B-4265-8135-49F0CF802736}.Release|x64.ActiveCfg = Release|x64
		{119E4326-E18B-4265-8135-49F0CF802736}.Release|x64.Build.0 = Release|x64
		{119E4326-E18B-4265-8135-49F0CF802736}.Release|x86.ActiveCfg = Release|Win32
		{119E4326-E18B-4265-8135-49F0CF802736}.Release|x86.Build.0 = Release|Win32
		{CC8F5719-10CC-4447-87BD-F57A1A2DEA6C}.Debug|x64.ActiveCfg = Debug|x64
		{CC8F5719-10CC-4447-87BD-F57A1A2DEA6C}.Debug|x64.Build.0 = Debug|x64
		{CC8F5719-10CC-4447-87BD-F57A1A2DEA6C}.Debug|x86.ActiveCfg = Debug|Win32
		{CC8F5719-10CC-4447-87BD-F57A1A2DEA6C}.Debug|x86.Build.0 = Debug|Win32
		{CC8F5719-10CC-4447-87BD-F57A1A2DEA6C}.Release|x64.ActiveCfg = Release|x64
		{CC8F5719-10CC-4447-87BD-F57A1A2DEA6C}.Release|x64.Build.0 = Release|x64
		{CC8F5719-10CC-4447-87BD-F57A1A2DEA6C}.Release|x86.ActiveCfg = Release|Win32
		{CC8F5719-10CC-4447-87BD-F57A1A2DEA6C}.Release|x86.Build.0 = Release|Win32
		{E6D72596-6075-4E1F-BE92-7B1BF7037223}.Debug|x64.ActiveCfg = Debug|x64
		{E6D72596-6075-4E1F-BE92-7B1BF7037223}.Debug|x64.Build.0 = Debug|x64
		{E6D72596-6075-4E1F-BE92-7B1BF7037223}.Debug|x86.ActiveCfg = Debug|Win32
		{E6D72596-6075-4E1F-BE92-7B1BF7037223}.Debug|x86.Build.0 = Debug|Win32
		{E6D72596-6075-4E1F-BE92-7B1BF7037223}.Release|x64.ActiveCfg = Release|x64
		{E6D72596-6075-4E1F-BE92-7B1BF7037223}.Release|x64.Build.0 = Release|x64
		{E6D72596-6075-4E1F-BE92-7B1BF7037223}.Release|x86.ActiveCfg = Release|Win32
		{E6D72596-6075-4E1F-BE92-7B1BF7037223}.Release|x86.Build.0 = Release|Win32
		{BCEDADE6-4D27-4741-AB17-EE31570C293B}.Debug|x64.ActiveCfg = Debug|x64
		{BCEDADE6-4D27-4741-AB17-EE31570C293B}.Debug|x64.Build.0 = Debug|x64
		{BCEDADE6-4D27-4741-AB17-EE31570C293B}.Debug|x86.ActiveCfg = Debug|Win32
		{BCEDADE6-4D27-4741-AB17-EE31570C293B}.Debug|x86.Build.0 = Debug|Win32
		{BCEDADE6-4D27-4741-AB17-EE31570C293B}.Release|x64.ActiveCfg = Release|x64
		{BCEDADE6-4D27-4741-AB17-EE31570C293B}.Release|x64.Build.0 = Release|x64
		{BCEDADE6-4D27-4741-AB17-EE31570C293B}.Release|x86.ActiveCfg = Release|Win32
		{BCEDADE6-4D27-4741-AB17-EE31570C293B}.Release|x86.Build.0 = Release|Win32
		{D48F5224-E380-4DC4-93CC-8867AA6CF94E}.Debug|x64.ActiveCfg = Debug|x64
		{D48F5224-E380-4DC4-93CC-8867AA6CF94E}.Debug|x64.Build.0 = Debug|x64
		{D48F5224-E380-4DC4-93CC-8867AA6CF94E}.Debug|x86.ActiveCfg = Debug|Win32
		{D48F5224-E380-4DC4-93CC-8867AA6CF94E}.Debug|x86.Build.0 = Debug|Win32
		{D48F5224-E380-4DC4-93CC-8867AA6CF94E}.Release|x64.ActiveCfg = Release|x64
		{D48F5224-E380-4DC4-93CC-8867AA6CF94E}.Release|x64.Build.0 = Release|x64
		{D48F5224-E380-4DC4-93CC-8867AA6CF94E}.Release|x86.ActiveCfg = Release|Win32
		{D48F5224-E380-4DC4-93CC-8867AA6CF94E}.Release|x86.Build.0 = Release|Win32
		{6B26BDD6-B06B-455C-992C-A2CBE67CA9FD}.Debug|x64.ActiveCfg = Debug|x64
		{6B26BDD6-B06B-455C-992C-A2CBE67CA9FD}.Debug|x64.Build.0 = Debug|x64
		{6B26BDD6-B06B-455C-992C-A2CBE67CA9FD}.Debug|x86.ActiveCfg = Debug|Win32
		{6B26BDD6-B06B-455C-992C-A2CBE67CA9FD}.Debug|x86.Build.0 = Debug|Win32
		{6B26BDD6-B06B-455C-992C-A2CBE67CA9FD}.Release|x64.ActiveCfg = Release|x64
		{6B26BDD6-B06B-455C-992C-A2CBE67CA9FD}.Release|x64.Build.0 = Release|x64
		{6B26BDD6-B06B-455C-992C-A2CBE67CA9FD}.Release|x86.ActiveCfg = Release|Win32
		{6B26BDD6-B06B-455C-992C-A2CBE67CA9FD}.Release|x86.Build.0 = Release|Win32
		{DCDCA175-902E-4BB2-B9EC-565C89B50B1A}.Debug|x64.ActiveCfg = Debug|x64
		{DCDCA175-902E-4BB2-B9EC-565C89B50B1A}.Debug|x64.Build.0 = Debug|x64
		{DCDCA175-902E-4BB2-B9EC-565C89B50B1A}.Debug|x86.ActiveCfg = Debug|Win32
		{DCDCA175-902E-4BB2-B9EC-565C89B50B1A}.Debug|x86.Build.0 = Debug|Win32
		{DCDCA175-902E-4BB2-B9EC-565C89B50B1A}.Release|x64.ActiveCfg = Release|x64
		{DCDCA175-902E-4BB2-B9EC-565C89B50B1A}.Release|x64.Build.0 = Release|x64
		{DCDCA175-902E-4BB2-B9EC-565C89B50B1A}.Release|x86.ActiveCfg = Release|Win32
		{DCDCA175-902E-4BB2-B9EC-565C89B50B1A}.Release|x86.Build.0 = Release|Win32
		{F88C4F71-CC07-4055-965F-0F7EF08BC1CD}.Debug|x64.ActiveCfg = Debug|x64
		{F88C4F71-CC07-4055-965F-0F7EF08BC1CD}.Debug|x64.Build.0 = Debug|x64
		{F88C4F71-CC07-4055-965F-0F7EF08BC1CD}.Debug|x86.ActiveCfg = Debug|Win32
		{F88C4F71-CC07-4055-965F-0F7EF08BC1CD}.Debug|x86.Build.0 = Debug|Win32
		{F88C4F71-CC07-4055-965F-0F7EF08BC1CD}.Release|x64.ActiveCfg = Release|x64
		{F88C4F71-CC07-4055-965F-0F7EF08BC1CD}.Release|x64.Build.0 = Release|x64
		{F88C4F71-CC07-4055-965F-0F7EF08BC1CD}.Release|x86.ActiveCfg = Release|Win32
		{F88C4F71-CC07-4055-965F-0F7EF08BC1CD}.Release|x86.Build.0 = Release|Win32
		{0410F9DB-5694-488B-9924-37902C70529F}.Debug|x64.ActiveCfg = Debug|x64
		{0410F9DB-5694-488B-9924-37902C70529F}.Debug|x64.Build.0 = Debug|x64
		{0410F9DB-5694-488B-9924-37902C70529F}.Debug|x86.ActiveCfg = Debug|Win32
		{0410F9DB-5694-488B-9924-37902C70529F}.Debug|x86.Build.0 = Debug|Win32
		{0410F9DB-5694-488B-9924-37902C70529F}.Release|x64.ActiveCfg = Release|x64
		{0410F9DB-5694-488B-9924-37902C70529F}.Release|x64.Build.0 = Release|x64
		{0410F9DB-5694-488B-9924-37902C70529F}.Release|x86.ActiveCfg = Release|Win32
		{0410F9DB-5694-488B-9924-37902C70529F}.Release|x86.Build.0 = Release|Win32
		{307F6ECF-B904-4D40-976D-C3F9019CE788}.Debug|x64.ActiveCfg = Debug|x64
		{307F6ECF-B904-4D40-976D-C3F9019CE788}.Debug|x64.Build.0 = Debug|x64
		{307F6ECF-B904-4D40-976D-C3F9019CE788}.Debug|x86.ActiveCfg = Debug|Win32
		{307F6ECF-B904-4D40-976D-C3F9019CE788}.Debug|x86.Build.0 = Debug|Win32
		{307F6ECF-B904-4D40-976D-C3F9019CE788}.Release|x64.ActiveCfg = Release|x64
		{307F6ECF-B904-4D40-976D-C3F9019CE788}.Release|x64.Build.0 = Release|x64
		{307F6ECF-B904-4D40-976D-C3F9019CE788}.Release|x86.ActiveCfg = Release|Win32
		{307F6ECF-B904-4D40-976D-C3F9019CE788}.Release|x86.Build.0 = Release|Win32
		{3A5D2055-F60D-4059-B739-55B74EE7DA9D}.Debug|x64.ActiveCfg = Debug|x64
		{3A5D2055-F60D-4059-B739-55B74EE7DA9D}.Debug|x64.Build.0 = Debug|x64
		{3A5D2055-F60D-4059-B739-55B74EE7DA9D}.Debug|x86.ActiveCfg = Debug|Win32
		{3A5D2055-F60D-4059-B739-55B74EE7DA9D}.Debug|x86.Build.0 = Debug|Win32
		{3A5D2055-F60D-4059-B739-55B74EE7DA9D}.Release|x64.ActiveCfg = Release|x64
		{3A5D2055-F60D-4059-B739-55B74EE7DA9D}.Release|x64.Build.0 = Release|x64
		{3A5D2055-F60D-4059-B739-55B74EE7DA9D}.Release|x86.ActiveCfg = Release|Win32
		{3A5D2055-F60D-4059-B739-55B74EE7DA9D}.Release|x86.Build.0 = Release|Win32
		{23CEF3C9-6A18-4874-8385-E2E955D261C4}.Debug|x64.ActiveCfg = Debug|x64
		{23CEF3C9-6A18-4874-8385-E2E955D261C4}.Debug|x64.Build.0 = Debug|x64
		{23CEF3C9-6A18-4874-8385-E2E955D261C4}.Debug|x86.ActiveCfg = Debug|Win32
		{23CEF3C9-6A18-4874-8385-E2E955D261C4}.Debug|x86.Build.0 = Debug|Win32
		{23CEF3C9-6A18-4874-8385-E2E955D261C4}.Release|x64.ActiveCfg = Release|x64
		{23CEF3C9-6A18-4874-8385-E2E955D261C4}.Release|x64.Build.0 = Release|x64
		{23CEF3C9-6A18-4874-8385-E2E955D261C4}.Release|x86.ActiveCfg = Release|Win32
		{23CEF3C9-6A18-4874-8385-E2E955D261C4}.Release|x86.Build.0 = Release|Win32
		{EB14F2D6-D940-45AF-BFCC-E387152CB9B4}.Debug|x64.ActiveCfg = Debug|x64
		{EB14F2D6-D940-45AF-BFCC-E387152CB9B4}.Debug|x64.Build.0 = Debug|x64
		{EB14F2D6-D940-45AF-BFCC-E387152CB9B4}.Debug|x86.ActiveCfg = Debug|Win32
		{EB14F2D6-D940-45AF-BFCC-E387152CB9B4}.Debug|x86.Build.0 = Debug|Win32
		{EB14F2D6-D940-45AF-BFCC-E387152CB9B4}.Release|x64.ActiveCfg = Release|x64
		{EB14F2D6-D940-45AF-BFCC-E387152CB9B4}.Release|x64.Build.0 = Release|x64
		{EB14F2D6-D940-45AF-BFCC-E387152CB9B4}.Release|x86.ActiveCfg = Release|Win32
		{EB14F2D6-D940-45AF-BFCC-E387152CB9B4}.Release|x86.Build.0 = Release|Win32
		{1471385F-F950-4FFD-898A-E6B8C02E1992}.Debug|x64.ActiveCfg = Debug|x64
		{1471385F-F950-4FFD-898A-E6B8C02E1992}.Debug|x64.Build.0 = Debug|x64
		{1471385F-F950-4FFD-898A-E6B8C02E1992}.Debug|x86.ActiveCfg = Debug|Win32
		{1471385F-F950-4FFD-898A-E6B8C02E1992}.Debug|x86.Build.0 = Debug|Win32
		{1471385F-F950-4FFD-898A-E6B8C02E1992}.Release|x64.ActiveCfg = Release|x64
		{1471385F-F950-4FFD-898A-E6B8C02E1992}.Release|x64.Build.0 = Release|x64
		{1471385F-F950-4FFD-898A-E6B8C02E1992}.Release|x86.ActiveCfg = Release|Win32
		{1471385F-F950-4FFD-898A-E6B8C02E1992}.Release|x86.Build.0 = Release|Win32
		{0E3F909A-E8BA-42AF-A9D0-7FE3AC7790BA}.Debug|x64.ActiveCfg = Debug|x64
		{0E3F909A-E8BA-42AF-A9D0-7FE3AC7790BA}.Debug|x64.Build.0 = Debug|x64
		{0E3F909A-E8BA-42AF-A9D0-7FE3AC7790BA}.Debug|x86.ActiveCfg = Debug|Win32
		{0E3F909A-E8BA-42AF-A9D0-7FE3AC7790BA}.Debug|x86.Build.0 = Debug|Win32
		{0E3F909A-E8BA-42AF-A9D0-7FE3AC7790BA}.Release|x64.ActiveCfg = Release|x64
		{0E3F909A-E8BA-42AF-A9D0-7FE3AC7790BA}.Release|x64.Build.0 = Release|x64
		{0E3F909A-E8BA-42AF-A9D0-7FE3AC7790BA}.Release|x86.ActiveCfg = Release|Win32
		{0E3F909A-E8BA-42AF-A9D0-7FE3AC7790BA}.Release|x86.Build.0 = Release|Win32
		{56579025-2A90-477F-8DE7-03E040E21744}.Debug|x64.ActiveCfg = Debug|x64
		{56579025-2A90-477F-8DE7-03E040E21744}.Debug|x64.Build.0 = Debug|x64
		{56579025-2A90-477F-8DE7-03E040E21744}.Debug|x86.ActiveCfg = Debug|Win32
		{56579025-2A90-477F-8DE7-03E040E21744}.Debug|x86.Build.0 = Debug|Win32
		{56579025-2A90-477F-8DE7-03E040E21744}.Release|x64.ActiveCfg = Release|x64
		{56579025-2A90-477F-8DE7-03E040E21744}.Release|x64.Build.0 = Release|x64
		{56579025-2A90-477F-8DE7-03E040E21744}.Release|x86.ActiveCfg = Release|Win32
		{56579025-2A90-477F-8DE7-03E040E21744}.Release|x86.Build.0 = Release|Win32
	EndGlobalSection
	GlobalSection(SolutionProperties) = preSolution
		HideSolutionNode = FALSE
	EndGlobalSection
	GlobalSection(ExtensibilityGlobals) = postSolution
		SolutionGuid = {8D651DED-EB43-4692-AE3E-959E8BA4126B}
	EndGlobalSection
EndGlobal
